NeoBundleLock ag.vim 994c27dd8f237573208548e7480e39b24ccbbfba
NeoBundleLock ctrlp.vim a86688cdc843a62485b9e413a78aea77e32a8137
NeoBundleLock neobundle.vim 6e696b19d8ff36bf754f901a6b7e42671e06b7a8
NeoBundleLock neosnippet-snippets 51c24c21d099a3a2c723632d192865ac76eacdde
NeoBundleLock neosnippet.vim bcb7620a852a542d0940a2ff691deb9da9309f07
NeoBundleLock nerdtree 4ebbb533c3faf2c480211db2b547972bb3b60f2b
NeoBundleLock vim-colorschemes d18df8544d106fce691740d7cc117b54b8b4b96d
NeoBundleLock vim-fugitive 19d1c944dbf59f252135688018610a12ce5718b4
NeoBundleLock vimshell 3787e52766812d8b99a93ccdda57517bc2a0bab6
